
Microsoft Visual Studio Solution File, Format Version 12.00
Project("{FAE04EC0-301F-11D3-BF4B-00C04F79EFBC}") = "Fragment.NetSlum.Server", "src\Fragment.NetSlum.Server\Fragment.NetSlum.Server.csproj", "{63D1AE8B-6213-45BF-8B93-E83B8AF99433}"
EndProject
Project("{FAE04EC0-301F-11D3-BF4B-00C04F79EFBC}") = "Fragment.NetSlum.TcpServer", "src\Fragment.NetSlum.TcpServer\Fragment.NetSlum.TcpServer.csproj", "{ED05DE0B-474F-4B3B-A29A-672604956157}"
EndProject
Project("{FAE04EC0-301F-11D3-BF4B-00C04F79EFBC}") = "Fragment.NetSlum.Core", "src\Fragment.NetSlum.Core\Fragment.NetSlum.Core.csproj", "{BF015F82-22A9-4A04-866B-5B774068B350}"
EndProject
Project("{FAE04EC0-301F-11D3-BF4B-00C04F79EFBC}") = "Fragment.NetSlum.Networking", "src\Fragment.NetSlum.Networking\Fragment.NetSlum.Networking.csproj", "{7D56F13A-B259-4977-99C2-C875E01E1851}"
EndProject
Project("{FAE04EC0-301F-11D3-BF4B-00C04F79EFBC}") = "Fragment.NetSlum.Networking.Test", "test\Fragment.NetSlum.Networking.Test\Fragment.NetSlum.Networking.Test.csproj", "{B0595FDB-4F80-4E38-9913-2876BE220006}"
EndProject
Project("{FAE04EC0-301F-11D3-BF4B-00C04F79EFBC}") = "Fragment.NetSlum.Persistence", "src\Fragment.NetSlum.Persistence\Fragment.NetSlum.Persistence.csproj", "{D943E01B-3DE9-4794-8FF4-E496AF847387}"
EndProject
Project("{FAE04EC0-301F-11D3-BF4B-00C04F79EFBC}") = "Fragment.NetSlum.Console", "src\Fragment.NetSlum.Console\Fragment.NetSlum.Console.csproj", "{8150B2F0-4630-49ED-A219-F4A263DD83EB}"
EndProject
Project("{2150E333-8FDC-42A3-9474-1A3956D46DE8}") = "src", "src", "{827E0CD3-B72D-47B6-A68D-7590B98EB39B}"
EndProject
Project("{FAE04EC0-301F-11D3-BF4B-00C04F79EFBC}") = "Mps.NetSlum.LobbyServer", "src\Mps.NetSlum.LobbyServer\Mps.NetSlum.LobbyServer.csproj", "{8EF98608-9225-479C-899A-11568500ABEC}"
EndProject
Project("{FAE04EC0-301F-11D3-BF4B-00C04F79EFBC}") = "Mps.NetSlum.GameServer", "src\Mps.NetSlum.GameServer\Mps.NetSlum.GameServer.csproj", "{2C8F4BED-DEF6-4487-8D42-A277DFF9C466}"
EndProject
Project("{FAE04EC0-301F-11D3-BF4B-00C04F79EFBC}") = "Mps.NetSlum.UpdateServer", "src\Mps.NetSlum.UpdateServer\Mps.NetSlum.UpdateServer.csproj", "{C25D283B-C55F-41F6-86EC-70D2D589AF79}"
EndProject
Global
	GlobalSection(SolutionConfigurationPlatforms) = preSolution
		Debug|Any CPU = Debug|Any CPU
		Debug|x64 = Debug|x64
		Debug|x86 = Debug|x86
		Release|Any CPU = Release|Any CPU
		Release|x64 = Release|x64
		Release|x86 = Release|x86
	EndGlobalSection
	GlobalSection(ProjectConfigurationPlatforms) = postSolution
		{63D1AE8B-6213-45BF-8B93-E83B8AF99433}.Debug|Any CPU.ActiveCfg = Debug|Any CPU
		{63D1AE8B-6213-45BF-8B93-E83B8AF99433}.Debug|Any CPU.Build.0 = Debug|Any CPU
		{63D1AE8B-6213-45BF-8B93-E83B8AF99433}.Debug|x64.ActiveCfg = Debug|Any CPU
		{63D1AE8B-6213-45BF-8B93-E83B8AF99433}.Debug|x64.Build.0 = Debug|Any CPU
		{63D1AE8B-6213-45BF-8B93-E83B8AF99433}.Debug|x86.ActiveCfg = Debug|Any CPU
		{63D1AE8B-6213-45BF-8B93-E83B8AF99433}.Debug|x86.Build.0 = Debug|Any CPU
		{63D1AE8B-6213-45BF-8B93-E83B8AF99433}.Release|Any CPU.ActiveCfg = Release|Any CPU
		{63D1AE8B-6213-45BF-8B93-E83B8AF99433}.Release|Any CPU.Build.0 = Release|Any CPU
		{63D1AE8B-6213-45BF-8B93-E83B8AF99433}.Release|x64.ActiveCfg = Release|Any CPU
		{63D1AE8B-6213-45BF-8B93-E83B8AF99433}.Release|x64.Build.0 = Release|Any CPU
		{63D1AE8B-6213-45BF-8B93-E83B8AF99433}.Release|x86.ActiveCfg = Release|Any CPU
		{63D1AE8B-6213-45BF-8B93-E83B8AF99433}.Release|x86.Build.0 = Release|Any CPU
		{ED05DE0B-474F-4B3B-A29A-672604956157}.Debug|Any CPU.ActiveCfg = Debug|Any CPU
		{ED05DE0B-474F-4B3B-A29A-672604956157}.Debug|Any CPU.Build.0 = Debug|Any CPU
		{ED05DE0B-474F-4B3B-A29A-672604956157}.Debug|x64.ActiveCfg = Debug|Any CPU
		{ED05DE0B-474F-4B3B-A29A-672604956157}.Debug|x64.Build.0 = Debug|Any CPU
		{ED05DE0B-474F-4B3B-A29A-672604956157}.Debug|x86.ActiveCfg = Debug|Any CPU
		{ED05DE0B-474F-4B3B-A29A-672604956157}.Debug|x86.Build.0 = Debug|Any CPU
		{ED05DE0B-474F-4B3B-A29A-672604956157}.Release|Any CPU.ActiveCfg = Release|Any CPU
		{ED05DE0B-474F-4B3B-A29A-672604956157}.Release|Any CPU.Build.0 = Release|Any CPU
		{ED05DE0B-474F-4B3B-A29A-672604956157}.Release|x64.ActiveCfg = Release|Any CPU
		{ED05DE0B-474F-4B3B-A29A-672604956157}.Release|x64.Build.0 = Release|Any CPU
		{ED05DE0B-474F-4B3B-A29A-672604956157}.Release|x86.ActiveCfg = Release|Any CPU
		{ED05DE0B-474F-4B3B-A29A-672604956157}.Release|x86.Build.0 = Release|Any CPU
		{BF015F82-22A9-4A04-866B-5B774068B350}.Debug|Any CPU.ActiveCfg = Debug|Any CPU
		{BF015F82-22A9-4A04-866B-5B774068B350}.Debug|Any CPU.Build.0 = Debug|Any CPU
		{BF015F82-22A9-4A04-866B-5B774068B350}.Debug|x64.ActiveCfg = Debug|Any CPU
		{BF015F82-22A9-4A04-866B-5B774068B350}.Debug|x64.Build.0 = Debug|Any CPU
		{BF015F82-22A9-4A04-866B-5B774068B350}.Debug|x86.ActiveCfg = Debug|Any CPU
		{BF015F82-22A9-4A04-866B-5B774068B350}.Debug|x86.Build.0 = Debug|Any CPU
		{BF015F82-22A9-4A04-866B-5B774068B350}.Release|Any CPU.ActiveCfg = Release|Any CPU
		{BF015F82-22A9-4A04-866B-5B774068B350}.Release|Any CPU.Build.0 = Release|Any CPU
		{BF015F82-22A9-4A04-866B-5B774068B350}.Release|x64.ActiveCfg = Release|Any CPU
		{BF015F82-22A9-4A04-866B-5B774068B350}.Release|x64.Build.0 = Release|Any CPU
		{BF015F82-22A9-4A04-866B-5B774068B350}.Release|x86.ActiveCfg = Release|Any CPU
		{BF015F82-22A9-4A04-866B-5B774068B350}.Release|x86.Build.0 = Release|Any CPU
		{7D56F13A-B259-4977-99C2-C875E01E1851}.Debug|Any CPU.ActiveCfg = Debug|Any CPU
		{7D56F13A-B259-4977-99C2-C875E01E1851}.Debug|Any CPU.Build.0 = Debug|Any CPU
		{7D56F13A-B259-4977-99C2-C875E01E1851}.Debug|x64.ActiveCfg = Debug|Any CPU
		{7D56F13A-B259-4977-99C2-C875E01E1851}.Debug|x64.Build.0 = Debug|Any CPU
		{7D56F13A-B259-4977-99C2-C875E01E1851}.Debug|x86.ActiveCfg = Debug|Any CPU
		{7D56F13A-B259-4977-99C2-C875E01E1851}.Debug|x86.Build.0 = Debug|Any CPU
		{7D56F13A-B259-4977-99C2-C875E01E1851}.Release|Any CPU.ActiveCfg = Release|Any CPU
		{7D56F13A-B259-4977-99C2-C875E01E1851}.Release|Any CPU.Build.0 = Release|Any CPU
		{7D56F13A-B259-4977-99C2-C875E01E1851}.Release|x64.ActiveCfg = Release|Any CPU
		{7D56F13A-B259-4977-99C2-C875E01E1851}.Release|x64.Build.0 = Release|Any CPU
		{7D56F13A-B259-4977-99C2-C875E01E1851}.Release|x86.ActiveCfg = Release|Any CPU
		{7D56F13A-B259-4977-99C2-C875E01E1851}.Release|x86.Build.0 = Release|Any CPU
		{B0595FDB-4F80-4E38-9913-2876BE220006}.Debug|Any CPU.ActiveCfg = Debug|Any CPU
		{B0595FDB-4F80-4E38-9913-2876BE220006}.Debug|Any CPU.Build.0 = Debug|Any CPU
		{B0595FDB-4F80-4E38-9913-2876BE220006}.Debug|x64.ActiveCfg = Debug|Any CPU
		{B0595FDB-4F80-4E38-9913-2876BE220006}.Debug|x64.Build.0 = Debug|Any CPU
		{B0595FDB-4F80-4E38-9913-2876BE220006}.Debug|x86.ActiveCfg = Debug|Any CPU
		{B0595FDB-4F80-4E38-9913-2876BE220006}.Debug|x86.Build.0 = Debug|Any CPU
		{B0595FDB-4F80-4E38-9913-2876BE220006}.Release|Any CPU.ActiveCfg = Release|Any CPU
		{B0595FDB-4F80-4E38-9913-2876BE220006}.Release|Any CPU.Build.0 = Release|Any CPU
		{B0595FDB-4F80-4E38-9913-2876BE220006}.Release|x64.ActiveCfg = Release|Any CPU
		{B0595FDB-4F80-4E38-9913-2876BE220006}.Release|x64.Build.0 = Release|Any CPU
		{B0595FDB-4F80-4E38-9913-2876BE220006}.Release|x86.ActiveCfg = Release|Any CPU
		{B0595FDB-4F80-4E38-9913-2876BE220006}.Release|x86.Build.0 = Release|Any CPU
		{D943E01B-3DE9-4794-8FF4-E496AF847387}.Debug|Any CPU.ActiveCfg = Debug|Any CPU
		{D943E01B-3DE9-4794-8FF4-E496AF847387}.Debug|Any CPU.Build.0 = Debug|Any CPU
		{D943E01B-3DE9-4794-8FF4-E496AF847387}.Debug|x64.ActiveCfg = Debug|Any CPU
		{D943E01B-3DE9-4794-8FF4-E496AF847387}.Debug|x64.Build.0 = Debug|Any CPU
		{D943E01B-3DE9-4794-8FF4-E496AF847387}.Debug|x86.ActiveCfg = Debug|Any CPU
		{D943E01B-3DE9-4794-8FF4-E496AF847387}.Debug|x86.Build.0 = Debug|Any CPU
		{D943E01B-3DE9-4794-8FF4-E496AF847387}.Release|Any CPU.ActiveCfg = Release|Any CPU
		{D943E01B-3DE9-4794-8FF4-E496AF847387}.Release|Any CPU.Build.0 = Release|Any CPU
		{D943E01B-3DE9-4794-8FF4-E496AF847387}.Release|x64.ActiveCfg = Release|Any CPU
		{D943E01B-3DE9-4794-8FF4-E496AF847387}.Release|x64.Build.0 = Release|Any CPU
		{D943E01B-3DE9-4794-8FF4-E496AF847387}.Release|x86.ActiveCfg = Release|Any CPU
		{D943E01B-3DE9-4794-8FF4-E496AF847387}.Release|x86.Build.0 = Release|Any CPU
		{8150B2F0-4630-49ED-A219-F4A263DD83EB}.Debug|Any CPU.ActiveCfg = Debug|Any CPU
		{8150B2F0-4630-49ED-A219-F4A263DD83EB}.Debug|Any CPU.Build.0 = Debug|Any CPU
		{8150B2F0-4630-49ED-A219-F4A263DD83EB}.Debug|x64.ActiveCfg = Debug|Any CPU
		{8150B2F0-4630-49ED-A219-F4A263DD83EB}.Debug|x64.Build.0 = Debug|Any CPU
		{8150B2F0-4630-49ED-A219-F4A263DD83EB}.Debug|x86.ActiveCfg = Debug|Any CPU
		{8150B2F0-4630-49ED-A219-F4A263DD83EB}.Debug|x86.Build.0 = Debug|Any CPU
		{8150B2F0-4630-49ED-A219-F4A263DD83EB}.Release|Any CPU.ActiveCfg = Release|Any CPU
		{8150B2F0-4630-49ED-A219-F4A263DD83EB}.Release|Any CPU.Build.0 = Release|Any CPU
		{8150B2F0-4630-49ED-A219-F4A263DD83EB}.Release|x64.ActiveCfg = Release|Any CPU
		{8150B2F0-4630-49ED-A219-F4A263DD83EB}.Release|x64.Build.0 = Release|Any CPU
		{8150B2F0-4630-49ED-A219-F4A263DD83EB}.Release|x86.ActiveCfg = Release|Any CPU
		{8150B2F0-4630-49ED-A219-F4A263DD83EB}.Release|x86.Build.0 = Release|Any CPU
		{8EF98608-9225-479C-899A-11568500ABEC}.Debug|Any CPU.ActiveCfg = Debug|Any CPU
		{8EF98608-9225-479C-899A-11568500ABEC}.Debug|Any CPU.Build.0 = Debug|Any CPU
		{8EF98608-9225-479C-899A-11568500ABEC}.Debug|x64.ActiveCfg = Debug|Any CPU
		{8EF98608-9225-479C-899A-11568500ABEC}.Debug|x64.Build.0 = Debug|Any CPU
		{8EF98608-9225-479C-899A-11568500ABEC}.Debug|x86.ActiveCfg = Debug|Any CPU
		{8EF98608-9225-479C-899A-11568500ABEC}.Debug|x86.Build.0 = Debug|Any CPU
		{8EF98608-9225-479C-899A-11568500ABEC}.Release|Any CPU.ActiveCfg = Release|Any CPU
		{8EF98608-9225-479C-899A-11568500ABEC}.Release|Any CPU.Build.0 = Release|Any CPU
		{8EF98608-9225-479C-899A-11568500ABEC}.Release|x64.ActiveCfg = Release|Any CPU
		{8EF98608-9225-479C-899A-11568500ABEC}.Release|x64.Build.0 = Release|Any CPU
		{8EF98608-9225-479C-899A-11568500ABEC}.Release|x86.ActiveCfg = Release|Any CPU
		{8EF98608-9225-479C-899A-11568500ABEC}.Release|x86.Build.0 = Release|Any CPU
		{2C8F4BED-DEF6-4487-8D42-A277DFF9C466}.Debug|Any CPU.ActiveCfg = Debug|Any CPU
		{2C8F4BED-DEF6-4487-8D42-A277DFF9C466}.Debug|Any CPU.Build.0 = Debug|Any CPU
		{2C8F4BED-DEF6-4487-8D42-A277DFF9C466}.Debug|x64.ActiveCfg = Debug|Any CPU
		{2C8F4BED-DEF6-4487-8D42-A277DFF9C466}.Debug|x64.Build.0 = Debug|Any CPU
		{2C8F4BED-DEF6-4487-8D42-A277DFF9C466}.Debug|x86.ActiveCfg = Debug|Any CPU
		{2C8F4BED-DEF6-4487-8D42-A277DFF9C466}.Debug|x86.Build.0 = Debug|Any CPU
		{2C8F4BED-DEF6-4487-8D42-A277DFF9C466}.Release|Any CPU.ActiveCfg = Release|Any CPU
		{2C8F4BED-DEF6-4487-8D42-A277DFF9C466}.Release|Any CPU.Build.0 = Release|Any CPU
		{2C8F4BED-DEF6-4487-8D42-A277DFF9C466}.Release|x64.ActiveCfg = Release|Any CPU
		{2C8F4BED-DEF6-4487-8D42-A277DFF9C466}.Release|x64.Build.0 = Release|Any CPU
		{2C8F4BED-DEF6-4487-8D42-A277DFF9C466}.Release|x86.ActiveCfg = Release|Any CPU
		{2C8F4BED-DEF6-4487-8D42-A277DFF9C466}.Release|x86.Build.0 = Release|Any CPU
		{C25D283B-C55F-41F6-86EC-70D2D589AF79}.Debug|Any CPU.ActiveCfg = Debug|Any CPU
		{C25D283B-C55F-41F6-86EC-70D2D589AF79}.Debug|Any CPU.Build.0 = Debug|Any CPU
		{C25D283B-C55F-41F6-86EC-70D2D589AF79}.Debug|x64.ActiveCfg = Debug|Any CPU
		{C25D283B-C55F-41F6-86EC-70D2D589AF79}.Debug|x64.Build.0 = Debug|Any CPU
		{C25D283B-C55F-41F6-86EC-70D2D589AF79}.Debug|x86.ActiveCfg = Debug|Any CPU
		{C25D283B-C55F-41F6-86EC-70D2D589AF79}.Debug|x86.Build.0 = Debug|Any CPU
		{C25D283B-C55F-41F6-86EC-70D2D589AF79}.Release|Any CPU.ActiveCfg = Release|Any CPU
		{C25D283B-C55F-41F6-86EC-70D2D589AF79}.Release|Any CPU.Build.0 = Release|Any CPU
		{C25D283B-C55F-41F6-86EC-70D2D589AF79}.Release|x64.ActiveCfg = Release|Any CPU
		{C25D283B-C55F-41F6-86EC-70D2D589AF79}.Release|x64.Build.0 = Release|Any CPU
		{C25D283B-C55F-41F6-86EC-70D2D589AF79}.Release|x86.ActiveCfg = Release|Any CPU
		{C25D283B-C55F-41F6-86EC-70D2D589AF79}.Release|x86.Build.0 = Release|Any CPU
	EndGlobalSection
	GlobalSection(SolutionProperties) = preSolution
		HideSolutionNode = FALSE
	EndGlobalSection
	GlobalSection(NestedProjects) = preSolution
		{8EF98608-9225-479C-899A-11568500ABEC} = {827E0CD3-B72D-47B6-A68D-7590B98EB39B}
		{2C8F4BED-DEF6-4487-8D42-A277DFF9C466} = {827E0CD3-B72D-47B6-A68D-7590B98EB39B}
		{C25D283B-C55F-41F6-86EC-70D2D589AF79} = {827E0CD3-B72D-47B6-A68D-7590B98EB39B}
	EndGlobalSection
EndGlobal
